
Microsoft Visual Studio Solution File, Format Version 12.00
# Visual Studio Version 16
VisualStudioVersion = 16.0.29215.179
MinimumVisualStudioVersion = 10.0.40219.1
Project("{FAE04EC0-301F-11D3-BF4B-00C04F79EFBC}") = "Parcial2-AP1", "Parcial2-AP1\Parcial2-AP1.csproj", "{A32C829A-FD14-4A3D-B766-E6463409C27C}"
EndProject
Global
	GlobalSection(SolutionConfigurationPlatforms) = preSolution
		Debug|Any CPU = Debug|Any CPU
		Release|Any CPU = Release|Any CPU
	EndGlobalSection
	GlobalSection(ProjectConfigurationPlatforms) = postSolution
		{A32C829A-FD14-4A3D-B766-E6463409C27C}.Debug|Any CPU.ActiveCfg = Debug|Any CPU
		{A32C829A-FD14-4A3D-B766-E6463409C27C}.Debug|Any CPU.Build.0 = Debug|Any CPU
		{A32C829A-FD14-4A3D-B766-E6463409C27C}.Release|Any CPU.ActiveCfg = Release|Any CPU
		{A32C829A-FD14-4A3D-B766-E6463409C27C}.Release|Any CPU.Build.0 = Release|Any CPU
	EndGlobalSection
	GlobalSection(SolutionProperties) = preSolution
		HideSolutionNode = FALSE
	EndGlobalSection
	GlobalSection(ExtensibilityGlobals) = postSolution
		SolutionGuid = {E2079064-886A-4AE8-BB1C-BB275F927865}
	EndGlobalSection
EndGlobal
